{
    "version": 3,
    "terraform_version": "0.11.2",
    "serial": 3,
    "lineage": "743e2488-4c72-4927-81ed-6e09d387136d",
    "modules": [
        {
            "path": [
                "root"
            ],
            "outputs": {},
            "resources": {
                "aws_ami_from_instance.wp_golden": {
                    "type": "aws_ami_from_instance",
                    "depends_on": [
                        "aws_instance.wp_dev",
                        "aws_s3_bucket.code",
                        "random_id.golden_ami"
                    ],
                    "primary": {
                        "id": "ami-8169a2fc",
                        "attributes": {
                            "architecture": "x86_64",
                            "description": "",
                            "ebs_block_device.#": "1",
                            "ebs_block_device.1514674291.delete_on_termination": "true",
                            "ebs_block_device.1514674291.device_name": "/dev/xvda",
                            "ebs_block_device.1514674291.encrypted": "false",
                            "ebs_block_device.1514674291.iops": "0",
                            "ebs_block_device.1514674291.snapshot_id": "snap-053d153c33085c12c",
                            "ebs_block_device.1514674291.volume_size": "8",
                            "ebs_block_device.1514674291.volume_type": "gp2",
                            "ephemeral_block_device.#": "0",
                            "id": "ami-8169a2fc",
                            "image_location": "434442667797/wp_ami-MiCY",
                            "kernel_id": "",
                            "manage_ebs_snapshots": "true",
                            "name": "wp_ami-MiCY",
                            "ramdisk_id": "",
                            "root_device_name": "/dev/xvda",
                            "root_snapshot_id": "snap-053d153c33085c12c",
                            "source_instance_id": "i-0efcdea392704fbe5",
                            "sriov_net_support": "simple",
                            "tags.%": "0",
                            "virtualization_type": "hvm"
                        },
                        "meta": {
                            "e2bfb730-ecaa-11e6-8f88-34363bc7c4c0": {
                                "create": 2400000000000,
                                "delete": 5400000000000,
                                "update": 2400000000000
                            }
                        },
                        "tainted": false
                    },
                    "deposed": [],
                    "provider": "provider.aws"
                },
                "aws_autoscaling_group.wp_asg": {
                    "type": "aws_autoscaling_group",
                    "depends_on": [
                        "aws_elb.wp_elb",
                        "aws_launch_configuration.wp_lc",
                        "aws_subnet.wp_private1_subnet",
                        "aws_subnet.wp_private2_subnet"
                    ],
                    "primary": {
                        "id": "asg-wp_lc-20180319163626838300000001",
                        "attributes": {
                            "arn": "arn:aws:autoscaling:us-east-1:434442667797:autoScalingGroup:97eacbc6-afd7-40df-b52f-35eb66e5c26e:autoScalingGroupName/asg-wp_lc-20180319163626838300000001",
                            "availability_zones.#": "2",
                            "availability_zones.1305112097": "us-east-1b",
                            "availability_zones.3569565595": "us-east-1a",
                            "default_cooldown": "300",
                            "desired_capacity": "2",
                            "force_delete": "true",
                            "health_check_grace_period": "300",
                            "health_check_type": "EC2",
                            "id": "asg-wp_lc-20180319163626838300000001",
                            "launch_configuration": "wp_lc-20180319163626838300000001",
                            "load_balancers.#": "1",
                            "load_balancers.1574404692": "terransible-elb",
                            "max_size": "2",
                            "metrics_granularity": "1Minute",
                            "min_size": "1",
                            "name": "asg-wp_lc-20180319163626838300000001",
                            "placement_group": "",
                            "protect_from_scale_in": "false",
                            "suspended_processes.#": "0",
                            "tag.#": "1",
                            "tag.673706737.key": "Name",
                            "tag.673706737.propagate_at_launch": "true",
                            "tag.673706737.value": "wp_asg-instance",
                            "target_group_arns.#": "0",
                            "termination_policies.#": "0",
                            "vpc_zone_identifier.#": "2",
                            "vpc_zone_identifier.390917621": "subnet-f2bcab96",
                            "vpc_zone_identifier.902159970": "subnet-8591a6d8",
                            "wait_for_capacity_timeout": "10m"
                        },
                        "meta": {
                            "e2bfb730-ecaa-11e6-8f88-34363bc7c4c0": {
                                "delete": 600000000000
                            }
                        },
                        "tainted": false
                    },
                    "deposed": [],
                    "provider": "provider.aws"
                },
                "aws_db_instance.wp_db": {
                    "type": "aws_db_instance",
                    "depends_on": [
                        "aws_db_subnet_group.wp_rds_subnetgroup",
                        "aws_security_group.wp_rds_sg"
                    ],
                    "primary": {
                        "id": "terraform-20180319161537746600000001",
                        "attributes": {
                            "address": "terraform-20180319161537746600000001.cqockuav58je.us-east-1.rds.amazonaws.com",
                            "allocated_storage": "10",
                            "arn": "arn:aws:rds:us-east-1:434442667797:db:terraform-20180319161537746600000001",
                            "auto_minor_version_upgrade": "true",
                            "availability_zone": "us-east-1a",
                            "backup_retention_period": "0",
                            "backup_window": "07:07-07:37",
                            "ca_cert_identifier": "rds-ca-2015",
                            "copy_tags_to_snapshot": "false",
                            "db_subnet_group_name": "wp_rds_subnetgroup",
                            "endpoint": "terraform-20180319161537746600000001.cqockuav58je.us-east-1.rds.amazonaws.com:3306",
                            "engine": "mysql",
                            "engine_version": "5.6.27",
                            "hosted_zone_id": "Z2R2ITUGPM61AM",
                            "iam_database_authentication_enabled": "false",
                            "id": "terraform-20180319161537746600000001",
                            "identifier": "terraform-20180319161537746600000001",
                            "instance_class": "db.t2.micro",
                            "iops": "0",
                            "kms_key_id": "",
                            "license_model": "general-public-license",
                            "maintenance_window": "mon:06:34-mon:07:04",
                            "monitoring_interval": "0",
                            "multi_az": "false",
                            "name": "superherodb",
                            "option_group_name": "default:mysql-5-6",
                            "parameter_group_name": "default.mysql5.6",
                            "password": "superheropass",
                            "port": "3306",
                            "publicly_accessible": "false",
                            "replicas.#": "0",
                            "replicate_source_db": "",
                            "resource_id": "db-YFUGH4MDQU2LGWZBRO4E6GXA7A",
                            "security_group_names.#": "0",
                            "skip_final_snapshot": "true",
                            "status": "available",
                            "storage_encrypted": "false",
                            "storage_type": "standard",
                            "tags.%": "0",
                            "timezone": "",
                            "username": "superhero",
                            "vpc_security_group_ids.#": "1",
                            "vpc_security_group_ids.669017257": "sg-e5651b93"
                        },
                        "meta": {
                            "e2bfb730-ecaa-11e6-8f88-34363bc7c4c0": {
                                "create": 2400000000000,
                                "delete": 2400000000000,
                                "update": 4800000000000
                            }
                        },
                        "tainted": false
                    },
                    "deposed": [],
                    "provider": "provider.aws"
                },
                "aws_db_subnet_group.wp_rds_subnetgroup": {
                    "type": "aws_db_subnet_group",
                    "depends_on": [
                        "aws_subnet.wp_rds1_subnet",
                        "aws_subnet.wp_rds2_subnet",
                        "aws_subnet.wp_rds3_subnet"
                    ],
                    "primary": {
                        "id": "wp_rds_subnetgroup",
                        "attributes": {
                            "arn": "arn:aws:rds:us-east-1:434442667797:subgrp:wp_rds_subnetgroup",
                            "description": "Managed by Terraform",
                            "id": "wp_rds_subnetgroup",
                            "name": "wp_rds_subnetgroup",
                            "subnet_ids.#": "3",
                            "subnet_ids.1694294993": "subnet-05bbac61",
                            "subnet_ids.4276556367": "subnet-02f1c02d",
                            "subnet_ids.653718497": "subnet-6b95a236",
                            "tags.%": "1",
                            "tags.Name": "wp_rds_sng"
                        },
                        "meta": {},
                        "tainted": false
                    },
                    "deposed": [],
                    "provider": "provider.aws"
                },
                "aws_default_route_table.wp_private_rt": {
                    "type": "aws_default_route_table",
                    "depends_on": [
                        "aws_vpc.wp_vpc"
                    ],
                    "primary": {
                        "id": "rtb-c3df62bf",
                        "attributes": {
                            "default_route_table_id": "rtb-c3df62bf",
                            "id": "rtb-c3df62bf",
                            "propagating_vgws.#": "0",
                            "route.#": "0",
                            "tags.%": "1",
                            "tags.Name": "wp_public",
                            "vpc_id": "vpc-00c1427b"
                        },
                        "meta": {},
                        "tainted": false
                    },
                    "deposed": [],
                    "provider": "provider.aws"
                },
                "aws_elb.wp_elb": {
                    "type": "aws_elb",
                    "depends_on": [
                        "aws_security_group.wp_public_sg",
                        "aws_subnet.wp_public1_subnet",
                        "aws_subnet.wp_public2_subnet"
                    ],
                    "primary": {
                        "id": "terransible-elb",
                        "attributes": {
                            "access_logs.#": "0",
                            "arn": "arn:aws:elasticloadbalancing:us-east-1:434442667797:loadbalancer/terransible-elb",
                            "availability_zones.#": "2",
                            "availability_zones.1305112097": "us-east-1b",
                            "availability_zones.3569565595": "us-east-1a",
                            "connection_draining": "true",
                            "connection_draining_timeout": "400",
                            "cross_zone_load_balancing": "true",
                            "dns_name": "terransible-elb-36236368.us-east-1.elb.amazonaws.com",
                            "health_check.#": "1",
                            "health_check.0.healthy_threshold": "2",
                            "health_check.0.interval": "30",
                            "health_check.0.target": "TCP:80",
                            "health_check.0.timeout": "3",
                            "health_check.0.unhealthy_threshold": "2",
                            "id": "terransible-elb",
                            "idle_timeout": "400",
                            "instances.#": "2",
                            "instances.1820517764": "i-0952f08e251909200",
                            "instances.308976589": "i-0c0b0747df34dfa43",
                            "internal": "false",
                            "listener.#": "1",
                            "listener.3057123346.instance_port": "80",
                            "listener.3057123346.instance_protocol": "http",
                            "listener.3057123346.lb_port": "80",
                            "listener.3057123346.lb_protocol": "http",
                            "listener.3057123346.ssl_certificate_id": "",
                            "name": "terransible-elb",
                            "security_groups.#": "1",
                            "security_groups.1042204826": "sg-f6661880",
                            "source_security_group": "434442667797/wp_public_sg",
                            "source_security_group_id": "sg-f6661880",
                            "subnets.#": "2",
                            "subnets.1095159736": "subnet-91a5b2f5",
                            "subnets.4054822682": "subnet-90ad9acd",
                            "tags.%": "1",
                            "tags.Name": "wp_terransible-elb",
                            "zone_id": "Z35SXDOTRQ7X7K"
                        },
                        "meta": {},
                        "tainted": false
                    },
                    "deposed": [],
                    "provider": "provider.aws"
                },
                "aws_iam_instance_profile.s3_access_profile": {
                    "type": "aws_iam_instance_profile",
                    "depends_on": [
                        "aws_iam_role.s3_access_role"
                    ],
                    "primary": {
                        "id": "s3_access",
                        "attributes": {
                            "arn": "arn:aws:iam::434442667797:instance-profile/s3_access",
                            "id": "s3_access",
                            "name": "s3_access",
                            "path": "/",
                            "role": "s3_access_role",
                            "roles.#": "1",
                            "roles.2044655173": "s3_access_role",
                            "unique_id": "AIPAJN54MYRZ3J3MJCU4E"
                        },
                        "meta": {},
                        "tainted": false
                    },
                    "deposed": [],
                    "provider": "provider.aws"
                },
                "aws_iam_role.s3_access_role": {
                    "type": "aws_iam_role",
                    "depends_on": [],
                    "primary": {
                        "id": "s3_access_role",
                        "attributes": {
                            "arn": "arn:aws:iam::434442667797:role/s3_access_role",
                            "assume_role_policy": "{\"Version\":\"2012-10-17\",\"Statement\":[{\"Sid\":\"\",\"Effect\":\"Allow\",\"Principal\":{\"Service\":\"ec2.amazonaws.com\"},\"Action\":\"sts:AssumeRole\"}]}",
                            "create_date": "2018-03-19T16:30:27Z",
                            "force_detach_policies": "false",
                            "id": "s3_access_role",
                            "name": "s3_access_role",
                            "path": "/",
                            "unique_id": "AROAI7J33H2CDOITPVX4G"
                        },
                        "meta": {},
                        "tainted": false
                    },
                    "deposed": [],
                    "provider": "provider.aws"
                },
                "aws_iam_role_policy.s3_access_policy": {
                    "type": "aws_iam_role_policy",
                    "depends_on": [
                        "aws_iam_role.s3_access_role"
                    ],
                    "primary": {
                        "id": "s3_access_role:s3_access_policy",
                        "attributes": {
                            "id": "s3_access_role:s3_access_policy",
                            "name": "s3_access_policy",
                            "policy": "{\n  \"Version\": \"2012-10-17\",\n  \"Statement\": [\n    {\n      \"Effect\": \"Allow\",\n      \"Action\": \"s3:*\",\n      \"Resource\": \"*\"\n    }\n  ]\n}\n",
                            "role": "s3_access_role"
                        },
                        "meta": {},
                        "tainted": false
                    },
                    "deposed": [],
                    "provider": "provider.aws"
                },
                "aws_instance.wp_dev": {
                    "type": "aws_instance",
                    "depends_on": [
                        "aws_iam_instance_profile.s3_access_profile",
                        "aws_key_pair.wp_auth",
                        "aws_s3_bucket.code",
                        "aws_security_group.wp_dev_sg",
                        "aws_subnet.wp_public1_subnet"
                    ],
                    "primary": {
                        "id": "i-0efcdea392704fbe5",
                        "attributes": {
                            "ami": "ami-b73b63a0",
                            "associate_public_ip_address": "true",
                            "availability_zone": "us-east-1a",
                            "disable_api_termination": "false",
                            "ebs_block_device.#": "0",
                            "ebs_optimized": "false",
                            "ephemeral_block_device.#": "0",
                            "iam_instance_profile": "s3_access",
                            "id": "i-0efcdea392704fbe5",
                            "instance_state": "running",
                            "instance_type": "t2.micro",
                            "ipv6_addresses.#": "0",
                            "key_name": "kryptonite",
                            "monitoring": "false",
                            "network_interface.#": "0",
                            "network_interface_id": "eni-54f7924b",
                            "placement_group": "",
                            "primary_network_interface_id": "eni-54f7924b",
                            "private_dns": "ip-10-0-1-237.ec2.internal",
                            "private_ip": "10.0.1.237",
                            "public_dns": "ec2-52-23-249-181.compute-1.amazonaws.com",
                            "public_ip": "52.23.249.181",
                            "root_block_device.#": "1",
                            "root_block_device.0.delete_on_termination": "true",
                            "root_block_device.0.iops": "100",
                            "root_block_device.0.volume_id": "vol-04801e624b5445f75",
                            "root_block_device.0.volume_size": "8",
                            "root_block_device.0.volume_type": "gp2",
                            "security_groups.#": "0",
                            "source_dest_check": "true",
                            "subnet_id": "subnet-90ad9acd",
                            "tags.%": "1",
                            "tags.Name": "wp_dev",
                            "tenancy": "default",
                            "volume_tags.%": "0",
                            "vpc_security_group_ids.#": "1",
                            "vpc_security_group_ids.1333748388": "sg-a56b15d3"
                        },
                        "meta": {
                            "e2bfb730-ecaa-11e6-8f88-34363bc7c4c0": {
                                "create": 600000000000,
                                "delete": 1200000000000,
                                "update": 600000000000
                            },
                            "schema_version": "1"
                        },
                        "tainted": false
                    },
                    "deposed": [],
                    "provider": "provider.aws"
                },
                "aws_internet_gateway.wp_internet_gateway": {
                    "type": "aws_internet_gateway",
                    "depends_on": [
                        "aws_vpc.wp_vpc"
                    ],
                    "primary": {
                        "id": "igw-cba703b3",
                        "attributes": {
                            "id": "igw-cba703b3",
                            "tags.%": "1",
                            "tags.Name": "wp_igw",
                            "vpc_id": "vpc-00c1427b"
                        },
                        "meta": {},
                        "tainted": false
                    },
                    "deposed": [],
                    "provider": "provider.aws"
                },
                "aws_key_pair.wp_auth": {
                    "type": "aws_key_pair",
                    "depends_on": [],
                    "primary": {
                        "id": "kryptonite",
                        "attributes": {
                            "fingerprint": "88:24:0e:dd:df:8d:40:97:28:94:eb:84:3a:48:f3:56",
                            "id": "kryptonite",
                            "key_name": "kryptonite",
                            "public_key": "ssh-rsa AAAAB3NzaC1yc2EAAAADAQABAAABAQDGznhwv+1/eOVa7jctrtoFipGZGeeJFg7+jLsX0VYbYRFswYj1Nw0E3hZ2ouxSRCh7Wb8L+9dSMa2nyKMSwcBuzpl4LBXzov1YbD4wzsPL+pATuHKabrVq4d7qHhGoxSiZRfZonWMF996VtXU0+wyAZT5nngoDrEJKrr98S7uGQM3Z5485y3qAEU4o0u5alClw9rTldxMIZU1hw1U/V6vrk3Md7CCwx1Uh/S0yHrXRYtJ9NaAVE6zbC2viw4SRjpRRG8vHI5qR72+nEXDc4XwVB5mDga1wS30FsSOSjhn3ZIkDifSfifunlZqQ//ppVTqJsIplpBkl/Qtb4imdmnQJ root@lewissardena5.mylabserver.com"
                        },
                        "meta": {
                            "schema_version": "1"
                        },
                        "tainted": false
                    },
                    "deposed": [],
                    "provider": "provider.aws"
                },
                "aws_launch_configuration.wp_lc": {
                    "type": "aws_launch_configuration",
                    "depends_on": [
                        "aws_ami_from_instance.wp_golden",
                        "aws_iam_instance_profile.s3_access_profile",
                        "aws_key_pair.wp_auth",
                        "aws_security_group.wp_private_sg"
                    ],
                    "primary": {
                        "id": "wp_lc-20180319163626838300000001",
                        "attributes": {
                            "associate_public_ip_address": "false",
                            "ebs_block_device.#": "0",
                            "ebs_optimized": "false",
                            "enable_monitoring": "true",
                            "ephemeral_block_device.#": "0",
                            "iam_instance_profile": "s3_access",
                            "id": "wp_lc-20180319163626838300000001",
                            "image_id": "ami-8169a2fc",
                            "instance_type": "t2.micro",
                            "key_name": "kryptonite",
                            "name": "wp_lc-20180319163626838300000001",
                            "name_prefix": "wp_lc-",
                            "root_block_device.#": "0",
                            "security_groups.#": "1",
                            "security_groups.1122624897": "sg-a4641ad2",
                            "spot_price": "",
                            "user_data": "ce87abf787105d52fc3f3b894f9fdb2d32a1d240",
                            "vpc_classic_link_id": "",
                            "vpc_classic_link_security_groups.#": "0"
                        },
                        "meta": {},
                        "tainted": false
                    },
                    "deposed": [],
                    "provider": "provider.aws"
                },
                "aws_route53_record.db": {
                    "type": "aws_route53_record",
                    "depends_on": [
                        "aws_db_instance.wp_db",
                        "aws_route53_zone.secondary"
                    ],
                    "primary": {
                        "id": "ZPLMT0JPF5BDJ_db.terransible.com_CNAME",
                        "attributes": {
                            "allow_overwrite": "true",
                            "fqdn": "db.terransible.com",
                            "health_check_id": "",
                            "id": "ZPLMT0JPF5BDJ_db.terransible.com_CNAME",
                            "name": "db.terransible.com",
                            "records.#": "1",
                            "records.1333987279": "terraform-20180319161537746600000001.cqockuav58je.us-east-1.rds.amazonaws.com",
                            "set_identifier": "",
                            "ttl": "300",
                            "type": "CNAME",
                            "zone_id": "ZPLMT0JPF5BDJ"
                        },
                        "meta": {
                            "schema_version": "2"
                        },
                        "tainted": false
                    },
                    "deposed": [],
                    "provider": "provider.aws"
                },
                "aws_route53_record.dev": {
                    "type": "aws_route53_record",
                    "depends_on": [
                        "aws_instance.wp_dev",
                        "aws_route53_zone.primary"
                    ],
                    "primary": {
                        "id": "ZQI2OJIU9SEZ0_dev.terransible.com_A",
                        "attributes": {
                            "allow_overwrite": "true",
                            "fqdn": "dev.terransible.com",
                            "health_check_id": "",
                            "id": "ZQI2OJIU9SEZ0_dev.terransible.com_A",
                            "name": "dev.terransible.com",
                            "records.#": "1",
                            "records.2176781022": "52.23.249.181",
                            "set_identifier": "",
                            "ttl": "300",
                            "type": "A",
                            "zone_id": "ZQI2OJIU9SEZ0"
                        },
                        "meta": {
                            "schema_version": "2"
                        },
                        "tainted": false
                    },
                    "deposed": [],
                    "provider": "provider.aws"
                },
                "aws_route53_record.www": {
                    "type": "aws_route53_record",
                    "depends_on": [
                        "aws_elb.wp_elb",
                        "aws_route53_zone.primary"
                    ],
                    "primary": {
                        "id": "ZQI2OJIU9SEZ0_www.terransible.com_A",
                        "attributes": {
                            "alias.#": "1",
                            "alias.1098253010.evaluate_target_health": "false",
                            "alias.1098253010.name": "terransible-elb-36236368.us-east-1.elb.amazonaws.com",
                            "alias.1098253010.zone_id": "Z35SXDOTRQ7X7K",
                            "allow_overwrite": "true",
                            "fqdn": "www.terransible.com",
                            "health_check_id": "",
                            "id": "ZQI2OJIU9SEZ0_www.terransible.com_A",
                            "name": "www.terransible.com",
                            "records.#": "0",
                            "set_identifier": "",
                            "ttl": "0",
                            "type": "A",
                            "zone_id": "ZQI2OJIU9SEZ0"
                        },
                        "meta": {
                            "schema_version": "2"
                        },
                        "tainted": false
                    },
                    "deposed": [],
                    "provider": "provider.aws"
                },
                "aws_route53_zone.primary": {
                    "type": "aws_route53_zone",
                    "depends_on": [],
                    "primary": {
                        "id": "ZQI2OJIU9SEZ0",
                        "attributes": {
                            "comment": "Managed by Terraform",
                            "delegation_set_id": "N1FRWQ9C2OFDL4",
                            "force_destroy": "false",
                            "id": "ZQI2OJIU9SEZ0",
                            "name": "terransible.com",
                            "name_servers.#": "4",
                            "name_servers.0": "ns-1182.awsdns-19.org",
                            "name_servers.1": "ns-19.awsdns-02.com",
                            "name_servers.2": "ns-2033.awsdns-62.co.uk",
                            "name_servers.3": "ns-909.awsdns-49.net",
                            "tags.%": "0",
                            "zone_id": "ZQI2OJIU9SEZ0"
                        },
                        "meta": {},
                        "tainted": false
                    },
                    "deposed": [],
                    "provider": "provider.aws"
                },
                "aws_route53_zone.secondary": {
                    "type": "aws_route53_zone",
                    "depends_on": [
                        "aws_vpc.wp_vpc"
                    ],
                    "primary": {
                        "id": "ZPLMT0JPF5BDJ",
                        "attributes": {
                            "comment": "Managed by Terraform",
                            "force_destroy": "false",
                            "id": "ZPLMT0JPF5BDJ",
                            "name": "terransible.com",
                            "name_servers.#": "4",
                            "name_servers.0": "ns-0.awsdns-00.com.",
                            "name_servers.1": "ns-1024.awsdns-00.org.",
                            "name_servers.2": "ns-1536.awsdns-00.co.uk.",
                            "name_servers.3": "ns-512.awsdns-00.net.",
                            "tags.%": "0",
                            "vpc_id": "vpc-00c1427b",
                            "vpc_region": "us-east-1",
                            "zone_id": "ZPLMT0JPF5BDJ"
                        },
                        "meta": {},
                        "tainted": false
                    },
                    "deposed": [],
                    "provider": "provider.aws"
                },
                "aws_route_table.wp_public_rt": {
                    "type": "aws_route_table",
                    "depends_on": [
                        "aws_internet_gateway.wp_internet_gateway",
                        "aws_vpc.wp_vpc"
                    ],
                    "primary": {
                        "id": "rtb-d2d469ae",
                        "attributes": {
                            "id": "rtb-d2d469ae",
                            "propagating_vgws.#": "0",
                            "route.#": "1",
                            "route.3266247155.cidr_block": "0.0.0.0/0",
                            "route.3266247155.egress_only_gateway_id": "",
                            "route.3266247155.gateway_id": "igw-cba703b3",
                            "route.3266247155.instance_id": "",
                            "route.3266247155.ipv6_cidr_block": "",
                            "route.3266247155.nat_gateway_id": "",
                            "route.3266247155.network_interface_id": "",
                            "route.3266247155.vpc_peering_connection_id": "",
                            "tags.%": "1",
                            "tags.Name": "wp_public",
                            "vpc_id": "vpc-00c1427b"
                        },
                        "meta": {},
                        "tainted": false
                    },
                    "deposed": [],
                    "provider": "provider.aws"
                },
                "aws_route_table_association.wp_private1_assoc": {
                    "type": "aws_route_table_association",
                    "depends_on": [
                        "aws_default_route_table.wp_private_rt",
                        "aws_subnet.wp_private1_subnet"
                    ],
                    "primary": {
                        "id": "rtbassoc-eca84f93",
                        "attributes": {
                            "id": "rtbassoc-eca84f93",
                            "route_table_id": "rtb-c3df62bf",
                            "subnet_id": "subnet-8591a6d8"
                        },
                        "meta": {},
                        "tainted": false
                    },
                    "deposed": [],
                    "provider": "provider.aws"
                },
                "aws_route_table_association.wp_private2_assoc": {
                    "type": "aws_route_table_association",
                    "depends_on": [
                        "aws_default_route_table.wp_private_rt",
                        "aws_subnet.wp_private2_subnet"
                    ],
                    "primary": {
                        "id": "rtbassoc-e5bc5b9a",
                        "attributes": {
                            "id": "rtbassoc-e5bc5b9a",
                            "route_table_id": "rtb-c3df62bf",
                            "subnet_id": "subnet-f2bcab96"
                        },
                        "meta": {},
                        "tainted": false
                    },
                    "deposed": [],
                    "provider": "provider.aws"
                },
                "aws_route_table_association.wp_public1_assoc": {
                    "type": "aws_route_table_association",
                    "depends_on": [
                        "aws_route_table.wp_public_rt",
                        "aws_subnet.wp_public1_subnet"
                    ],
                    "primary": {
                        "id": "rtbassoc-9fab4ce0",
                        "attributes": {
                            "id": "rtbassoc-9fab4ce0",
                            "route_table_id": "rtb-d2d469ae",
                            "subnet_id": "subnet-90ad9acd"
                        },
                        "meta": {},
                        "tainted": false
                    },
                    "deposed": [],
                    "provider": "provider.aws"
                },
                "aws_route_table_association.wp_public2_assoc": {
                    "type": "aws_route_table_association",
                    "depends_on": [
                        "aws_route_table.wp_public_rt",
                        "aws_subnet.wp_public2_subnet"
                    ],
                    "primary": {
                        "id": "rtbassoc-05b6517a",
                        "attributes": {
                            "id": "rtbassoc-05b6517a",
                            "route_table_id": "rtb-d2d469ae",
                            "subnet_id": "subnet-91a5b2f5"
                        },
                        "meta": {},
                        "tainted": false
                    },
                    "deposed": [],
                    "provider": "provider.aws"
                },
                "aws_s3_bucket.code": {
                    "type": "aws_s3_bucket",
                    "depends_on": [
                        "random_id.wp_code_bucket"
                    ],
                    "primary": {
                        "id": "terransible-7138",
                        "attributes": {
                            "acceleration_status": "",
                            "acl": "private",
                            "arn": "arn:aws:s3:::terransible-7138",
                            "bucket": "terransible-7138",
                            "bucket_domain_name": "terransible-7138.s3.amazonaws.com",
                            "force_destroy": "true",
                            "hosted_zone_id": "Z3AQBSTGFYJSTF",
                            "id": "terransible-7138",
                            "logging.#": "0",
                            "region": "us-east-1",
                            "replication_configuration.#": "0",
                            "request_payer": "BucketOwner",
                            "server_side_encryption_configuration.#": "0",
                            "tags.%": "1",
                            "tags.Name": "code bucket",
                            "versioning.#": "1",
                            "versioning.0.enabled": "false",
                            "versioning.0.mfa_delete": "false",
                            "website.#": "0"
                        },
                        "meta": {},
                        "tainted": false
                    },
                    "deposed": [],
                    "provider": "provider.aws"
                },
                "aws_security_group.wp_dev_sg": {
                    "type": "aws_security_group",
                    "depends_on": [
                        "aws_vpc.wp_vpc"
                    ],
                    "primary": {
                        "id": "sg-a56b15d3",
                        "attributes": {
                            "description": "Used for access to the dev instance",
                            "egress.#": "1",
                            "egress.482069346.cidr_blocks.#": "1",
                            "egress.482069346.cidr_blocks.0": "0.0.0.0/0",
                            "egress.482069346.description": "",
                            "egress.482069346.from_port": "0",
                            "egress.482069346.ipv6_cidr_blocks.#": "0",
                            "egress.482069346.prefix_list_ids.#": "0",
                            "egress.482069346.protocol": "-1",
                            "egress.482069346.security_groups.#": "0",
                            "egress.482069346.self": "false",
                            "egress.482069346.to_port": "0",
                            "id": "sg-a56b15d3",
                            "ingress.#": "2",
                            "ingress.2214680975.cidr_blocks.#": "1",
                            "ingress.2214680975.cidr_blocks.0": "0.0.0.0/0",
                            "ingress.2214680975.description": "",
                            "ingress.2214680975.from_port": "80",
                            "ingress.2214680975.ipv6_cidr_blocks.#": "0",
                            "ingress.2214680975.protocol": "tcp",
                            "ingress.2214680975.security_groups.#": "0",
                            "ingress.2214680975.self": "false",
                            "ingress.2214680975.to_port": "80",
                            "ingress.4134275876.cidr_blocks.#": "1",
                            "ingress.4134275876.cidr_blocks.0": "34.242.252.14/32",
                            "ingress.4134275876.description": "",
                            "ingress.4134275876.from_port": "22",
                            "ingress.4134275876.ipv6_cidr_blocks.#": "0",
                            "ingress.4134275876.protocol": "tcp",
                            "ingress.4134275876.security_groups.#": "0",
                            "ingress.4134275876.self": "false",
                            "ingress.4134275876.to_port": "22",
                            "name": "wp_dev_sg",
                            "owner_id": "434442667797",
                            "revoke_rules_on_delete": "false",
                            "tags.%": "0",
                            "vpc_id": "vpc-00c1427b"
                        },
                        "meta": {
                            "e2bfb730-ecaa-11e6-8f88-34363bc7c4c0": {
                                "create": 600000000000,
                                "delete": 600000000000
                            },
                            "schema_version": "1"
                        },
                        "tainted": false
                    },
                    "deposed": [],
                    "provider": "provider.aws"
                },
                "aws_security_group.wp_private_sg": {
                    "type": "aws_security_group",
                    "depends_on": [
                        "aws_vpc.wp_vpc"
                    ],
                    "primary": {
                        "id": "sg-a4641ad2",
                        "attributes": {
                            "description": "Used for the private instances",
                            "egress.#": "1",
                            "egress.482069346.cidr_blocks.#": "1",
                            "egress.482069346.cidr_blocks.0": "0.0.0.0/0",
                            "egress.482069346.description": "",
                            "egress.482069346.from_port": "0",
                            "egress.482069346.ipv6_cidr_blocks.#": "0",
                            "egress.482069346.prefix_list_ids.#": "0",
                            "egress.482069346.protocol": "-1",
                            "egress.482069346.security_groups.#": "0",
                            "egress.482069346.self": "false",
                            "egress.482069346.to_port": "0",
                            "id": "sg-a4641ad2",
                            "ingress.#": "1",
                            "ingress.1960698028.cidr_blocks.#": "1",
                            "ingress.1960698028.cidr_blocks.0": "10.0.0.0/16",
                            "ingress.1960698028.description": "",
                            "ingress.1960698028.from_port": "0",
                            "ingress.1960698028.ipv6_cidr_blocks.#": "0",
                            "ingress.1960698028.protocol": "-1",
                            "ingress.1960698028.security_groups.#": "0",
                            "ingress.1960698028.self": "false",
                            "ingress.1960698028.to_port": "0",
                            "name": "wp_private_sg",
                            "owner_id": "434442667797",
                            "revoke_rules_on_delete": "false",
                            "tags.%": "0",
                            "vpc_id": "vpc-00c1427b"
                        },
                        "meta": {
                            "e2bfb730-ecaa-11e6-8f88-34363bc7c4c0": {
                                "create": 600000000000,
                                "delete": 600000000000
                            },
                            "schema_version": "1"
                        },
                        "tainted": false
                    },
                    "deposed": [],
                    "provider": "provider.aws"
                },
                "aws_security_group.wp_public_sg": {
                    "type": "aws_security_group",
                    "depends_on": [
                        "aws_vpc.wp_vpc"
                    ],
                    "primary": {
                        "id": "sg-f6661880",
                        "attributes": {
                            "description": "Used for the elastic load balancer for public access",
                            "egress.#": "1",
                            "egress.482069346.cidr_blocks.#": "1",
                            "egress.482069346.cidr_blocks.0": "0.0.0.0/0",
                            "egress.482069346.description": "",
                            "egress.482069346.from_port": "0",
                            "egress.482069346.ipv6_cidr_blocks.#": "0",
                            "egress.482069346.prefix_list_ids.#": "0",
                            "egress.482069346.protocol": "-1",
                            "egress.482069346.security_groups.#": "0",
                            "egress.482069346.self": "false",
                            "egress.482069346.to_port": "0",
                            "id": "sg-f6661880",
                            "ingress.#": "1",
                            "ingress.2214680975.cidr_blocks.#": "1",
                            "ingress.2214680975.cidr_blocks.0": "0.0.0.0/0",
                            "ingress.2214680975.description": "",
                            "ingress.2214680975.from_port": "80",
                            "ingress.2214680975.ipv6_cidr_blocks.#": "0",
                            "ingress.2214680975.protocol": "tcp",
                            "ingress.2214680975.security_groups.#": "0",
                            "ingress.2214680975.self": "false",
                            "ingress.2214680975.to_port": "80",
                            "name": "wp_public_sg",
                            "owner_id": "434442667797",
                            "revoke_rules_on_delete": "false",
                            "tags.%": "0",
                            "vpc_id": "vpc-00c1427b"
                        },
                        "meta": {
                            "e2bfb730-ecaa-11e6-8f88-34363bc7c4c0": {
                                "create": 600000000000,
                                "delete": 600000000000
                            },
                            "schema_version": "1"
                        },
                        "tainted": false
                    },
                    "deposed": [],
                    "provider": "provider.aws"
                },
                "aws_security_group.wp_rds_sg": {
                    "type": "aws_security_group",
                    "depends_on": [
                        "aws_security_group.wp_dev_sg",
                        "aws_security_group.wp_private_sg",
                        "aws_security_group.wp_public_sg",
                        "aws_vpc.wp_vpc"
                    ],
                    "primary": {
                        "id": "sg-e5651b93",
                        "attributes": {
                            "description": "Used for RDS instances",
                            "egress.#": "0",
                            "id": "sg-e5651b93",
                            "ingress.#": "1",
                            "ingress.644448411.cidr_blocks.#": "0",
                            "ingress.644448411.description": "",
                            "ingress.644448411.from_port": "3306",
                            "ingress.644448411.ipv6_cidr_blocks.#": "0",
                            "ingress.644448411.protocol": "tcp",
                            "ingress.644448411.security_groups.#": "3",
                            "ingress.644448411.security_groups.1042204826": "sg-f6661880",
                            "ingress.644448411.security_groups.1122624897": "sg-a4641ad2",
                            "ingress.644448411.security_groups.1333748388": "sg-a56b15d3",
                            "ingress.644448411.self": "false",
                            "ingress.644448411.to_port": "3306",
                            "name": "wp_rds_sg",
                            "owner_id": "434442667797",
                            "revoke_rules_on_delete": "false",
                            "tags.%": "0",
                            "vpc_id": "vpc-00c1427b"
                        },
                        "meta": {
                            "e2bfb730-ecaa-11e6-8f88-34363bc7c4c0": {
                                "create": 600000000000,
                                "delete": 600000000000
                            },
                            "schema_version": "1"
                        },
                        "tainted": false
                    },
                    "deposed": [],
                    "provider": "provider.aws"
                },
                "aws_subnet.wp_private1_subnet": {
                    "type": "aws_subnet",
                    "depends_on": [
                        "aws_vpc.wp_vpc",
                        "data.aws_availability_zones.available"
                    ],
                    "primary": {
                        "id": "subnet-8591a6d8",
                        "attributes": {
                            "assign_ipv6_address_on_creation": "false",
                            "availability_zone": "us-east-1a",
                            "cidr_block": "10.0.3.0/24",
                            "id": "subnet-8591a6d8",
                            "map_public_ip_on_launch": "false",
                            "tags.%": "1",
                            "tags.Name": "wp_private1",
                            "vpc_id": "vpc-00c1427b"
                        },
                        "meta": {
                            "schema_version": "1"
                        },
                        "tainted": false
                    },
                    "deposed": [],
                    "provider": "provider.aws"
                },
                "aws_subnet.wp_private2_subnet": {
                    "type": "aws_subnet",
                    "depends_on": [
                        "aws_vpc.wp_vpc",
                        "data.aws_availability_zones.available"
                    ],
                    "primary": {
                        "id": "subnet-f2bcab96",
                        "attributes": {
                            "assign_ipv6_address_on_creation": "false",
                            "availability_zone": "us-east-1b",
                            "cidr_block": "10.0.4.0/24",
                            "id": "subnet-f2bcab96",
                            "map_public_ip_on_launch": "false",
                            "tags.%": "1",
                            "tags.Name": "wp_private2",
                            "vpc_id": "vpc-00c1427b"
                        },
                        "meta": {
                            "schema_version": "1"
                        },
                        "tainted": false
                    },
                    "deposed": [],
                    "provider": "provider.aws"
                },
                "aws_subnet.wp_public1_subnet": {
                    "type": "aws_subnet",
                    "depends_on": [
                        "aws_vpc.wp_vpc",
                        "data.aws_availability_zones.available"
                    ],
                    "primary": {
                        "id": "subnet-90ad9acd",
                        "attributes": {
                            "assign_ipv6_address_on_creation": "false",
                            "availability_zone": "us-east-1a",
                            "cidr_block": "10.0.1.0/24",
                            "id": "subnet-90ad9acd",
                            "map_public_ip_on_launch": "true",
                            "tags.%": "1",
                            "tags.Name": "wp_public1",
                            "vpc_id": "vpc-00c1427b"
                        },
                        "meta": {
                            "schema_version": "1"
                        },
                        "tainted": false
                    },
                    "deposed": [],
                    "provider": "provider.aws"
                },
                "aws_subnet.wp_public2_subnet": {
                    "type": "aws_subnet",
                    "depends_on": [
                        "aws_vpc.wp_vpc",
                        "data.aws_availability_zones.available"
                    ],
                    "primary": {
                        "id": "subnet-91a5b2f5",
                        "attributes": {
                            "assign_ipv6_address_on_creation": "false",
                            "availability_zone": "us-east-1b",
                            "cidr_block": "10.0.2.0/24",
                            "id": "subnet-91a5b2f5",
                            "map_public_ip_on_launch": "true",
                            "tags.%": "1",
                            "tags.Name": "wp_public2",
                            "vpc_id": "vpc-00c1427b"
                        },
                        "meta": {
                            "schema_version": "1"
                        },
                        "tainted": false
                    },
                    "deposed": [],
                    "provider": "provider.aws"
                },
                "aws_subnet.wp_rds1_subnet": {
                    "type": "aws_subnet",
                    "depends_on": [
                        "aws_vpc.wp_vpc",
                        "data.aws_availability_zones.available"
                    ],
                    "primary": {
                        "id": "subnet-6b95a236",
                        "attributes": {
                            "assign_ipv6_address_on_creation": "false",
                            "availability_zone": "us-east-1a",
                            "cidr_block": "10.0.5.0/24",
                            "id": "subnet-6b95a236",
                            "map_public_ip_on_launch": "false",
                            "tags.%": "1",
                            "tags.Name": "wp_rds1",
                            "vpc_id": "vpc-00c1427b"
                        },
                        "meta": {
                            "schema_version": "1"
                        },
                        "tainted": false
                    },
                    "deposed": [],
                    "provider": "provider.aws"
                },
                "aws_subnet.wp_rds2_subnet": {
                    "type": "aws_subnet",
                    "depends_on": [
                        "aws_vpc.wp_vpc",
                        "data.aws_availability_zones.available"
                    ],
                    "primary": {
                        "id": "subnet-05bbac61",
                        "attributes": {
                            "assign_ipv6_address_on_creation": "false",
                            "availability_zone": "us-east-1b",
                            "cidr_block": "10.0.6.0/24",
                            "id": "subnet-05bbac61",
                            "map_public_ip_on_launch": "false",
                            "tags.%": "1",
                            "tags.Name": "wp_rds2",
                            "vpc_id": "vpc-00c1427b"
                        },
                        "meta": {
                            "schema_version": "1"
                        },
                        "tainted": false
                    },
                    "deposed": [],
                    "provider": "provider.aws"
                },
                "aws_subnet.wp_rds3_subnet": {
                    "type": "aws_subnet",
                    "depends_on": [
                        "aws_vpc.wp_vpc",
                        "data.aws_availability_zones.available"
                    ],
                    "primary": {
                        "id": "subnet-02f1c02d",
                        "attributes": {
                            "assign_ipv6_address_on_creation": "false",
                            "availability_zone": "us-east-1c",
                            "cidr_block": "10.0.7.0/24",
                            "id": "subnet-02f1c02d",
                            "map_public_ip_on_launch": "false",
                            "tags.%": "1",
                            "tags.Name": "wp_rds3",
                            "vpc_id": "vpc-00c1427b"
                        },
                        "meta": {
                            "schema_version": "1"
                        },
                        "tainted": false
                    },
                    "deposed": [],
                    "provider": "provider.aws"
                },
                "aws_vpc.wp_vpc": {
                    "type": "aws_vpc",
                    "depends_on": [],
                    "primary": {
                        "id": "vpc-00c1427b",
                        "attributes": {
                            "assign_generated_ipv6_cidr_block": "false",
                            "cidr_block": "10.0.0.0/16",
                            "default_network_acl_id": "acl-fd677986",
                            "default_route_table_id": "rtb-c3df62bf",
                            "default_security_group_id": "sg-ea5c229c",
                            "dhcp_options_id": "dopt-29e17e4f",
                            "enable_classiclink": "false",
                            "enable_classiclink_dns_support": "false",
                            "enable_dns_hostnames": "true",
                            "enable_dns_support": "true",
                            "id": "vpc-00c1427b",
                            "instance_tenancy": "default",
                            "main_route_table_id": "rtb-c3df62bf",
                            "tags.%": "1",
                            "tags.Name": "wp_vpc"
                        },
                        "meta": {
                            "schema_version": "1"
                        },
                        "tainted": false
                    },
                    "deposed": [],
                    "provider": "provider.aws"
                },
                "aws_vpc_endpoint.wp_private-s3_endpoint": {
                    "type": "aws_vpc_endpoint",
                    "depends_on": [
                        "aws_route_table.wp_public_rt",
                        "aws_vpc.wp_vpc"
                    ],
                    "primary": {
                        "id": "vpce-03008b6a",
                        "attributes": {
                            "cidr_blocks.#": "2",
                            "cidr_blocks.0": "54.231.0.0/17",
                            "cidr_blocks.1": "52.216.0.0/15",
                            "dns_entry.#": "0",
                            "id": "vpce-03008b6a",
                            "network_interface_ids.#": "0",
                            "policy": "{\"Statement\":[{\"Action\":\"*\",\"Effect\":\"Allow\",\"Principal\":\"*\",\"Resource\":\"*\"}],\"Version\":\"2008-10-17\"}",
                            "prefix_list_id": "pl-63a5400a",
                            "private_dns_enabled": "false",
                            "route_table_ids.#": "2",
                            "route_table_ids.1219409583": "rtb-d2d469ae",
                            "route_table_ids.415155505": "rtb-c3df62bf",
                            "security_group_ids.#": "0",
                            "service_name": "com.amazonaws.us-east-1.s3",
                            "state": "available",
                            "subnet_ids.#": "0",
                            "vpc_endpoint_type": "Gateway",
                            "vpc_id": "vpc-00c1427b"
                        },
                        "meta": {},
                        "tainted": false
                    },
                    "deposed": [],
                    "provider": "provider.aws"
                },
                "data.aws_availability_zones.available": {
                    "type": "aws_availability_zones",
                    "depends_on": [],
                    "primary": {
                        "id": "2018-03-19 16:39:54.821813766 +0000 UTC",
                        "attributes": {
                            "id": "2018-03-19 16:39:54.821813766 +0000 UTC",
                            "names.#": "6",
                            "names.0": "us-east-1a",
                            "names.1": "us-east-1b",
                            "names.2": "us-east-1c",
                            "names.3": "us-east-1d",
                            "names.4": "us-east-1e",
                            "names.5": "us-east-1f"
                        },
                        "meta": {},
                        "tainted": false
                    },
                    "deposed": [],
                    "provider": "provider.aws"
                },
                "random_id.golden_ami": {
                    "type": "random_id",
                    "depends_on": [],
                    "primary": {
                        "id": "MiCY",
                        "attributes": {
                            "b64": "MiCY",
                            "b64_std": "MiCY",
                            "b64_url": "MiCY",
                            "byte_length": "3",
                            "dec": "3285144",
                            "hex": "322098",
                            "id": "MiCY"
                        },
                        "meta": {},
                        "tainted": false
                    },
                    "deposed": [],
                    "provider": "provider.random"
                },
                "random_id.wp_code_bucket": {
                    "type": "random_id",
                    "depends_on": [],
                    "primary": {
                        "id": "G-I",
                        "attributes": {
                            "b64": "G-I",
                            "b64_std": "G+I=",
                            "b64_url": "G-I",
                            "byte_length": "2",
                            "dec": "7138",
                            "hex": "1be2",
                            "id": "G-I"
                        },
                        "meta": {},
                        "tainted": false
                    },
                    "deposed": [],
                    "provider": "provider.random"
                }
            },
            "depends_on": []
        }
    ]
}
